
Microsoft Visual Studio Solution File, Format Version 12.00
# Visual Studio Version 17
VisualStudioVersion = 17.2.32519.379
MinimumVisualStudioVersion = 10.0.40219.1
Project("{9A19103F-16F7-4668-BE54-9A1E7A4F7556}") = "Domain", "Domain\Domain.csproj", "{30BEE031-9927-4154-98FA-93E7997E95A5}"
EndProject
Project("{9A19103F-16F7-4668-BE54-9A1E7A4F7556}") = "Infrastructure", "Infrastructure\Infrastructure.csproj", "{67996F38-3B23-415F-BBED-821BB7B0E321}"
EndProject
Project("{9A19103F-16F7-4668-BE54-9A1E7A4F7556}") = "WebAPI", "WebAPI\WebAPI.csproj", "{655A4A82-602A-4697-84C2-0694E29D0E1C}"
	ProjectSection(ProjectDependencies) = postProject
		{67996F38-3B23-415F-BBED-821BB7B0E321} = {67996F38-3B23-415F-BBED-821BB7B0E321}
	EndProjectSection
EndProject
Project("{9A19103F-16F7-4668-BE54-9A1E7A4F7556}") = "Application", "Application\Application.csproj", "{3EF8A2D4-62EA-4AEB-9F05-E7D4C22651F3}"
EndProject
Global
	GlobalSection(SolutionConfigurationPlatforms) = preSolution
		Debug|Any CPU = Debug|Any CPU
		Release|Any CPU = Release|Any CPU
	EndGlobalSection
	GlobalSection(ProjectConfigurationPlatforms) = postSolution
		{30BEE031-9927-4154-98FA-93E7997E95A5}.Debug|Any CPU.ActiveCfg = Debug|Any CPU
		{30BEE031-9927-4154-98FA-93E7997E95A5}.Debug|Any CPU.Build.0 = Debug|Any CPU
		{30BEE031-9927-4154-98FA-93E7997E95A5}.Release|Any CPU.ActiveCfg = Release|Any CPU
		{30BEE031-9927-4154-98FA-93E7997E95A5}.Release|Any CPU.Build.0 = Release|Any CPU
		{67996F38-3B23-415F-BBED-821BB7B0E321}.Debug|Any CPU.ActiveCfg = Debug|Any CPU
		{67996F38-3B23-415F-BBED-821BB7B0E321}.Debug|Any CPU.Build.0 = Debug|Any CPU
		{67996F38-3B23-415F-BBED-821BB7B0E321}.Release|Any CPU.ActiveCfg = Release|Any CPU
		{67996F38-3B23-415F-BBED-821BB7B0E321}.Release|Any CPU.Build.0 = Release|Any CPU
		{655A4A82-602A-4697-84C2-0694E29D0E1C}.Debug|Any CPU.ActiveCfg = Debug|Any CPU
		{655A4A82-602A-4697-84C2-0694E29D0E1C}.Debug|Any CPU.Build.0 = Debug|Any CPU
		{655A4A82-602A-4697-84C2-0694E29D0E1C}.Release|Any CPU.ActiveCfg = Release|Any CPU
		{655A4A82-602A-4697-84C2-0694E29D0E1C}.Release|Any CPU.Build.0 = Release|Any CPU
		{3EF8A2D4-62EA-4AEB-9F05-E7D4C22651F3}.Debug|Any CPU.ActiveCfg = Debug|Any CPU
		{3EF8A2D4-62EA-4AEB-9F05-E7D4C22651F3}.Debug|Any CPU.Build.0 = Debug|Any CPU
		{3EF8A2D4-62EA-4AEB-9F05-E7D4C22651F3}.Release|Any CPU.ActiveCfg = Release|Any CPU
		{3EF8A2D4-62EA-4AEB-9F05-E7D4C22651F3}.Release|Any CPU.Build.0 = Release|Any CPU
	EndGlobalSection
	GlobalSection(SolutionProperties) = preSolution
		HideSolutionNode = FALSE
	EndGlobalSection
	GlobalSection(ExtensibilityGlobals) = postSolution
		SolutionGuid = {0804A2B0-A936-4AEA-8341-6A6AC3E86A3D}
	EndGlobalSection
EndGlobal
